Microsoft Visual Studio Solution File, Format Version 12.00
# Visual Studio Version 17
VisualStudioVersion = 17.0.31903.59
MinimumVisualStudioVersion = 10.0.40219.1
Project("{9A19103F-16F7-4668-BE54-9A1E7A4F7556}") = "ReservationService", "ReservationService.fsproj", "{8B5E7F3A-4F2E-4F8A-9A3F-3C7A9B8C7D6E}"
EndProject
Project("{9A19103F-16F7-4668-BE54-9A1E7A4F7556}") = "ReservationService.Tests", "ReservationService.Tests\ReservationService.Tests.fsproj", "{F1A2B3C4-D5E6-7890-1234-56789ABCDEF0}"
EndProject
Global
	GlobalSection(SolutionConfigurationPlatforms) = preSolution
		Debug|Any CPU = Debug|Any CPU
		Release|Any CPU = Release|Any CPU
	EndGlobalSection
	GlobalSection(ProjectConfigurationPlatforms) = postSolution
		{8B5E7F3A-4F2E-4F8A-9A3F-3C7A9B8C7D6E}.Debug|Any CPU.ActiveCfg = Debug|Any CPU
		{8B5E7F3A-4F2E-4F8A-9A3F-3C7A9B8C7D6E}.Debug|Any CPU.Build.0 = Debug|Any CPU
		{8B5E7F3A-4F2E-4F8A-9A3F-3C7A9B8C7D6E}.Release|Any CPU.ActiveCfg = Release|Any CPU
		{8B5E7F3A-4F2E-4F8A-9A3F-3C7A9B8C7D6E}.Release|Any CPU.Build.0 = Release|Any CPU
		{F1A2B3C4-D5E6-7890-1234-56789ABCDEF0}.Debug|Any CPU.ActiveCfg = Debug|Any CPU
		{F1A2B3C4-D5E6-7890-1234-56789ABCDEF0}.Debug|Any CPU.Build.0 = Debug|Any CPU
		{F1A2B3C4-D5E6-7890-1234-56789ABCDEF0}.Release|Any CPU.ActiveCfg = Release|Any CPU
		{F1A2B3C4-D5E6-7890-1234-56789ABCDEF0}.Release|Any CPU.Build.0 = Release|Any CPU
	EndGlobalSection
	GlobalSection(SolutionProperties) = preSolution
		HideSolutionNode = FALSE
	EndGlobalSection
EndGlobal
