# This file was autogenerated by Stack.
# You should not edit this file by hand.
# For more information, please see the documentation at:
#   https://docs.haskellstack.org/en/stable/topics/lock_files

packages:
- completed:
    hackage: liquidhaskell-0.9.6.3@sha256:bdfa5021c4461f6985b20781b23e3ae9ef2c843104eaf0df117602925551521a,3555
    pantry-tree:
      sha256: d1a03ca2e619ea7c57a36c79bc85ea7a0a0e83508dca573d47a457ef5a8bce9b
      size: 3367
  original:
    hackage: liquidhaskell-0.9.6.3
- completed:
    hackage: liquidhaskell-boot-0.9.6.3@sha256:b700bb736bad616851b504b19e36597ca4e46fdc0f950f9a6130329989453aea,9834
    pantry-tree:
      sha256: 80997559a500ff3d3fd889a0bb829d64707351eeab9262234376a63f242ec104
      size: 7768
  original:
    hackage: liquidhaskell-boot-0.9.6.3
- completed:
    hackage: liquid-fixpoint-0.9.6.3@sha256:c368a22ba31705d8c0e6c02004d7bb56d0e8ae3f43def5988f3712690ab19348,9478
    pantry-tree:
      sha256: 4a828ab82045ab3dc0c9039aad18d6e368694b34748cf18397ebb61a90349428
      size: 16089
  original:
    hackage: liquid-fixpoint-0.9.6.3
- completed:
    hackage: bytestring-0.11.5.2@sha256:446ad0a558ee7efcb0aeebfe147bf3897c50241231a9131ff7d7d24f2c3c1f2f,7595
    pantry-tree:
      sha256: b51508ffad643fbb973d16af2bc58ad7a34d00c3926fa0e9a56058f0f989a066
      size: 4019
  original:
    hackage: bytestring-0.11.5.2@sha256:446ad0a558ee7efcb0aeebfe147bf3897c50241231a9131ff7d7d24f2c3c1f2f,7595
- completed:
    hackage: smtlib-backends-0.4@sha256:a662fecbc8908337b8f19d9bb7e1515a29f4dd992a5eb88f1fcb59e6ab1d0871,1258
    pantry-tree:
      sha256: f46a0eb3dd5f894fe644bca55cdef65f16cfe5bc1d92c739b90eebd63d440835
      size: 275
  original:
    hackage: smtlib-backends-0.4@sha256:a662fecbc8908337b8f19d9bb7e1515a29f4dd992a5eb88f1fcb59e6ab1d0871,1258
- completed:
    hackage: smtlib-backends-process-0.3@sha256:1cdd2ae8ebf3786f08cafe2f6b47001f7647779ad87cba3f05250f68d70e3f07,1676
    pantry-tree:
      sha256: 05326db88add261e687f039a81b8573a4192b42e47e994230e516b3c604af3e8
      size: 461
  original:
    hackage: smtlib-backends-process-0.3@sha256:1cdd2ae8ebf3786f08cafe2f6b47001f7647779ad87cba3f05250f68d70e3f07,1676
- completed:
    hackage: Cabal-3.10.3.0@sha256:4a36954a66769eef90353daa0dbb07d43e49c228281383c7e4134445d495f714,12313
    pantry-tree:
      sha256: 1d8835f47d5a86a326a4997ce77f7bfd78d732a483264deaf0c280e8d2b764b7
      size: 9222
  original:
    hackage: Cabal-3.10.3.0@sha256:4a36954a66769eef90353daa0dbb07d43e49c228281383c7e4134445d495f714,12313
- completed:
    hackage: binary-0.8.9.3@sha256:8b03c7fd5a7f6803280fba87e38d534beb1dc92fec975de5bd36200633996ef2,6576
    pantry-tree:
      sha256: 32834cef5d28bfbe4ba230c12bdae4363a30911f898df9e6d5074fbbabcd549a
      size: 1976
  original:
    hackage: binary-0.8.9.3@sha256:8b03c7fd5a7f6803280fba87e38d534beb1dc92fec975de5bd36200633996ef2,6576
- completed:
    hackage: directory-1.3.9.0@sha256:2490137bb7738bd79392959458ef5f276219ea5ba8a9a56d3e0b06315c1bb917,3307
    pantry-tree:
      sha256: cf35b0c2755674f913078c588c88fc169d928ce09f292c648af9f1dbc3167131
      size: 3386
  original:
    hackage: directory-1.3.9.0@sha256:2490137bb7738bd79392959458ef5f276219ea5ba8a9a56d3e0b06315c1bb917,3307
- completed:
    hackage: filepath-1.5.4.0@sha256:1497c2630af2dd41397905ff0dff79f842bd80a139d7c5bfba3789fc3caef02c,5144
    pantry-tree:
      sha256: 80f5c242a0e7d1ce2bc7d7ff83d312052d37a87856529ba7878b34bdc6a97fbc
      size: 2274
  original:
    hackage: filepath-1.5.4.0@sha256:1497c2630af2dd41397905ff0dff79f842bd80a139d7c5bfba3789fc3caef02c,5144
- completed:
    hackage: ghc-boot-9.12.1@sha256:1ec4daf854cdd0fcf696b3d0545a99738426e390f76f00f468452fa129c4f712,3612
    pantry-tree:
      sha256: d97b4defbc959a338debddfd0337570700ae15145997579b193840452aa502b9
      size: 942
  original:
    hackage: ghc-boot-9.12.1@sha256:1ec4daf854cdd0fcf696b3d0545a99738426e390f76f00f468452fa129c4f712,3612
- completed:
    hackage: parsec-3.1.18.0@sha256:dfbb9835b8abc966b6bbd34340ef5122227b4cf4480062b85ca4c4704f054f98,4535
    pantry-tree:
      sha256: 48ae1440eb8eb4fecde2a724c492e830ff2bec341117164302399b417733bf70
      size: 2810
  original:
    hackage: parsec-3.1.18.0@sha256:dfbb9835b8abc966b6bbd34340ef5122227b4cf4480062b85ca4c4704f054f98,4535
- completed:
    hackage: process-1.6.26.1@sha256:6def2e07c317f52f4d30c43e92f97b7bc5f7c27cb1270d386b15dce429e1180f,2947
    pantry-tree:
      sha256: 4cdf369a03c496a02a67d6d963884ae7b57eead30407881316983394b73cdc2e
      size: 1869
  original:
    hackage: process-1.6.26.1@sha256:6def2e07c317f52f4d30c43e92f97b7bc5f7c27cb1270d386b15dce429e1180f,2947
- completed:
    hackage: text-2.1.3@sha256:1907e0f6914e376df3a3a1fbc5a04e49c729d333de34babba4da30075048c60f,11185
    pantry-tree:
      sha256: 44a1a038eafd6d59998c0b327b231e344252a64b083300e56649ebf2b7c20646
      size: 8725
  original:
    hackage: text-2.1.3@sha256:1907e0f6914e376df3a3a1fbc5a04e49c729d333de34babba4da30075048c60f,11185
- completed:
    hackage: unix-2.8.7.0@sha256:da731114a8ec7106c76c7d96c2b02f1b4963cb12e360a2029f4248e22a327375,10266
    pantry-tree:
      sha256: 45038061c4dc273f9775ca4e117b798c512d9624e602c9ae67ff07f921871fed
      size: 5888
  original:
    hackage: unix-2.8.7.0@sha256:da731114a8ec7106c76c7d96c2b02f1b4963cb12e360a2029f4248e22a327375,10266
snapshots:
- completed:
    sha256: 098936027eaa1ef14e2b8eb39d9933a973894bb70a68684a1bbf00730249879b
    size: 720001
    url: https://raw.githubusercontent.com/commercialhaskell/stackage-snapshots/master/lts/22/33.yaml
  original: lts-22.33
